
Microsoft Visual Studio Solution File, Format Version 12.00
# Visual Studio Version 16
VisualStudioVersion = 16.0.30804.86
MinimumVisualStudioVersion = 10.0.40219.1
Project("{FAE04EC0-301F-11D3-BF4B-00C04F79EFBC}") = "Adapter", "Adapter.csproj", "{81C8244E-28B7-4FCA-8127-4865129F3186}"
EndProject
Global
	GlobalSection(SolutionConfigurationPlatforms) = preSolution
		Debug|Any CPU = Debug|Any CPU
		Release|Any CPU = Release|Any CPU
	EndGlobalSection
	GlobalSection(ProjectConfigurationPlatforms) = postSolution
		{81C8244E-28B7-4FCA-8127-4865129F3186}.Debug|Any CPU.ActiveCfg = Debug|Any CPU
		{81C8244E-28B7-4FCA-8127-4865129F3186}.Debug|Any CPU.Build.0 = Debug|Any CPU
		{81C8244E-28B7-4FCA-8127-4865129F3186}.Release|Any CPU.ActiveCfg = Release|Any CPU
		{81C8244E-28B7-4FCA-8127-4865129F3186}.Release|Any CPU.Build.0 = Release|Any CPU
	EndGlobalSection
	GlobalSection(SolutionProperties) = preSolution
		HideSolutionNode = FALSE
	EndGlobalSection
	GlobalSection(ExtensibilityGlobals) = postSolution
		SolutionGuid = {4296BC5A-1125-479E-B9BB-5C74E56731B5}
	EndGlobalSection
EndGlobal
